
Microsoft Visual Studio Solution File, Format Version 12.00
# Visual Studio Version 17
VisualStudioVersion = 17.1.31903.286
MinimumVisualStudioVersion = 10.0.40219.1
Project("{FAE04EC0-301F-11D3-BF4B-00C04F79EFBC}") = "CSharp_Steganography_WPF", "CSharp_Steganography_WPF\CSharp_Steganography_WPF.csproj", "{BD859B80-B3FC-4003-B353-DD961AC95EC5}"
EndProject
Global
	GlobalSection(SolutionConfigurationPlatforms) = preSolution
		Debug|Any CPU = Debug|Any CPU
		Release|Any CPU = Release|Any CPU
	EndGlobalSection
	GlobalSection(ProjectConfigurationPlatforms) = postSolution
		{BD859B80-B3FC-4003-B353-DD961AC95EC5}.Debug|Any CPU.ActiveCfg = Debug|Any CPU
		{BD859B80-B3FC-4003-B353-DD961AC95EC5}.Debug|Any CPU.Build.0 = Debug|Any CPU
		{BD859B80-B3FC-4003-B353-DD961AC95EC5}.Release|Any CPU.ActiveCfg = Release|Any CPU
		{BD859B80-B3FC-4003-B353-DD961AC95EC5}.Release|Any CPU.Build.0 = Release|Any CPU
	EndGlobalSection
	GlobalSection(SolutionProperties) = preSolution
		HideSolutionNode = FALSE
	EndGlobalSection
	GlobalSection(ExtensibilityGlobals) = postSolution
		SolutionGuid = {5DEE91CA-2E67-4015-BE55-278F47F72C72}
	EndGlobalSection
EndGlobal
